// !$*UTF8*$!
{
	archiveVersion = 1;
	classes = {
	};
	objectVersion = 46;
	objects = {

/* Begin PBXBuildFile section */
		F531FC371A0A6424003CDBD4 /* StartViewController.m in Sources */ = {isa = PBXBuildFile; fileRef = F531FC361A0A6424003CDBD4 /* StartViewController.m */; };
		F531FC3A1A0AEA32003CDBD4 /* checkedOff.png in Resources */ = {isa = PBXBuildFile; fileRef = F531FC381A0AEA32003CDBD4 /* checkedOff.png */; };
		F531FC3B1A0AEA32003CDBD4 /* checkedOn.png in Resources */ = {isa = PBXBuildFile; fileRef = F531FC391A0AEA32003CDBD4 /* checkedOn.png */; };
		F531FC3D1A0AEE7C003CDBD4 /* alarm2.mp3 in Resources */ = {isa = PBXBuildFile; fileRef = F531FC3C1A0AEE7C003CDBD4 /* alarm2.mp3 */; };
		F531FC3F1A0B0C0C003CDBD4 /* mic.png in Resources */ = {isa = PBXBuildFile; fileRef = F531FC3E1A0B0C0C003CDBD4 /* mic.png */; };
		F531FC411A0B0CEE003CDBD4 /* rsz_mic.png in Resources */ = {isa = PBXBuildFile; fileRef = F531FC401A0B0CEE003CDBD4 /* rsz_mic.png */; };
		F542B4C519D41D1E003E4339 /* Foundation.framework in Frameworks */ = {isa = PBXBuildFile; fileRef = F542B4C419D41D1E003E4339 /* Foundation.framework */; };
		F542B4C719D41D1E003E4339 /* CoreGraphics.framework in Frameworks */ = {isa = PBXBuildFile; fileRef = F542B4C619D41D1E003E4339 /* CoreGraphics.framework */; };
		F542B4C919D41D1E003E4339 /* UIKit.framework in Frameworks */ = {isa = PBXBuildFile; fileRef = F542B4C819D41D1E003E4339 /* UIKit.framework */; };
		F542B4CF19D41D1E003E4339 /* InfoPlist.strings in Resources */ = {isa = PBXBuildFile; fileRef = F542B4CD19D41D1E003E4339 /* InfoPlist.strings */; };
		F542B4D119D41D1E003E4339 /* main.m in Sources */ = {isa = PBXBuildFile; fileRef = F542B4D019D41D1E003E4339 /* main.m */; };
		F542B4D519D41D1E003E4339 /* AppDelegate.m in Sources */ = {isa = PBXBuildFile; fileRef = F542B4D419D41D1E003E4339 /* AppDelegate.m */; };
		F542B4D719D41D1E003E4339 /* Images.xcassets in Resources */ = {isa = PBXBuildFile; fileRef = F542B4D619D41D1E003E4339 /* Images.xcassets */; };
		F542B4DE19D41D1E003E4339 /* XCTest.framework in Frameworks */ = {isa = PBXBuildFile; fileRef = F542B4DD19D41D1E003E4339 /* XCTest.framework */; };
		F542B4DF19D41D1E003E4339 /* Foundation.framework in Frameworks */ = {isa = PBXBuildFile; fileRef = F542B4C419D41D1E003E4339 /* Foundation.framework */; };
		F542B4E019D41D1E003E4339 /* UIKit.framework in Frameworks */ = {isa = PBXBuildFile; fileRef = F542B4C819D41D1E003E4339 /* UIKit.framework */; };
		F542B4E819D41D1E003E4339 /* InfoPlist.strings in Resources */ = {isa = PBXBuildFile; fileRef = F542B4E619D41D1E003E4339 /* InfoPlist.strings */; };
		F542B4EA19D41D1E003E4339 /* iWakeTests.m in Sources */ = {isa = PBXBuildFile; fileRef = F542B4E919D41D1E003E4339 /* iWakeTests.m */; };
		F542B4F419D41D42003E4339 /* Main.storyboard in Resources */ = {isa = PBXBuildFile; fileRef = F542B4F319D41D42003E4339 /* Main.storyboard */; };
		F542B4F819D4278E003E4339 /* alarm1.mp3 in Resources */ = {isa = PBXBuildFile; fileRef = F542B4F719D4278D003E4339 /* alarm1.mp3 */; };
		F542B4FA19D42AAB003E4339 /* rsz_alarm-clock-icon-614x460.png in Resources */ = {isa = PBXBuildFile; fileRef = F542B4F919D42AAB003E4339 /* rsz_alarm-clock-icon-614x460.png */; };
		F54FC48B1A090462002F30A2 /* RecordViewController.m in Sources */ = {isa = PBXBuildFile; fileRef = F54FC48A1A090462002F30A2 /* RecordViewController.m */; };
		F54FC48E1A09633D002F30A2 /* WeatherViewController.m in Sources */ = {isa = PBXBuildFile; fileRef = F54FC48D1A09633D002F30A2 /* WeatherViewController.m */; };
		F54FC4911A096AED002F30A2 /* Weather.m in Sources */ = {isa = PBXBuildFile; fileRef = F54FC4901A096AED002F30A2 /* Weather.m */; };
		F54FC6D11A097572002F30A2 /* .gitignore in Resources */ = {isa = PBXBuildFile; fileRef = F54FC6741A097572002F30A2 /* .gitignore */; };
		F54FC6D21A097572002F30A2 /* .travis.yml in Resources */ = {isa = PBXBuildFile; fileRef = F54FC6751A097572002F30A2 /* .travis.yml */; };
		F54FC6D31A097572002F30A2 /* AFHTTPClient.m in Sources */ = {isa = PBXBuildFile; fileRef = F54FC6781A097572002F30A2 /* AFHTTPClient.m */; };
		F54FC6D41A097572002F30A2 /* AFHTTPRequestOperation.m in Sources */ = {isa = PBXBuildFile; fileRef = F54FC67A1A097572002F30A2 /* AFHTTPRequestOperation.m */; };
		F54FC6D51A097572002F30A2 /* AFImageRequestOperation.m in Sources */ = {isa = PBXBuildFile; fileRef = F54FC67C1A097572002F30A2 /* AFImageRequestOperation.m */; };
		F54FC6D61A097572002F30A2 /* AFJSONRequestOperation.m in Sources */ = {isa = PBXBuildFile; fileRef = F54FC67E1A097572002F30A2 /* AFJSONRequestOperation.m */; };
		F54FC6D71A097572002F30A2 /* AFNetworkActivityIndicatorManager.m in Sources */ = {isa = PBXBuildFile; fileRef = F54FC6801A097572002F30A2 /* AFNetworkActivityIndicatorManager.m */; };
		F54FC6D81A097572002F30A2 /* AFPropertyListRequestOperation.m in Sources */ = {isa = PBXBuildFile; fileRef = F54FC6831A097572002F30A2 /* AFPropertyListRequestOperation.m */; };
		F54FC6D91A097572002F30A2 /* AFURLConnectionOperation.m in Sources */ = {isa = PBXBuildFile; fileRef = F54FC6851A097572002F30A2 /* AFURLConnectionOperation.m */; };
		F54FC6DA1A097572002F30A2 /* AFXMLRequestOperation.m in Sources */ = {isa = PBXBuildFile; fileRef = F54FC6871A097572002F30A2 /* AFXMLRequestOperation.m */; };
		F54FC6DB1A097572002F30A2 /* UIImageView+AFNetworking.m in Sources */ = {isa = PBXBuildFile; fileRef = F54FC6891A097572002F30A2 /* UIImageView+AFNetworking.m */; };
		F54FC6DC1A097572002F30A2 /* AFNetworking.podspec in Resources */ = {isa = PBXBuildFile; fileRef = F54FC68A1A097572002F30A2 /* AFNetworking.podspec */; };
		F54FC6DD1A097572002F30A2 /* AFNetworking.xcworkspace in Resources */ = {isa = PBXBuildFile; fileRef = F54FC68B1A097572002F30A2 /* AFNetworking.xcworkspace */; };
		F54FC6DE1A097572002F30A2 /* CHANGES in Resources */ = {isa = PBXBuildFile; fileRef = F54FC68C1A097572002F30A2 /* CHANGES */; };
		F54FC6F31A097572002F30A2 /* LICENSE in Resources */ = {isa = PBXBuildFile; fileRef = F54FC6B51A097572002F30A2 /* LICENSE */; };
		F54FC6F41A097572002F30A2 /* Rakefile in Resources */ = {isa = PBXBuildFile; fileRef = F54FC6B61A097572002F30A2 /* Rakefile */; };
		F54FC6F51A097572002F30A2 /* README.md in Resources */ = {isa = PBXBuildFile; fileRef = F54FC6B71A097572002F30A2 /* README.md */; };
		F54FC7171A0A3C0B002F30A2 /* Alarm.png in Resources */ = {isa = PBXBuildFile; fileRef = F54FC7121A0A3C0B002F30A2 /* Alarm.png */; };
		F54FC71A1A0A3C0B002F30A2 /* Headset.png in Resources */ = {isa = PBXBuildFile; fileRef = F54FC7151A0A3C0B002F30A2 /* Headset.png */; };
		F54FC71B1A0A3C0B002F30A2 /* iCloud.png in Resources */ = {isa = PBXBuildFile; fileRef = F54FC7161A0A3C0B002F30A2 /* iCloud.png */; };
		F54FC71D1A0A3CC7002F30A2 /* Bookmarks.png in Resources */ = {isa = PBXBuildFile; fileRef = F54FC71C1A0A3CC7002F30A2 /* Bookmarks.png */; };
		F5715AB219E477DF0095C248 /* SettingViewController.m in Sources */ = {isa = PBXBuildFile; fileRef = F5715AB119E477DF0095C248 /* SettingViewController.m */; };
		F5F7295319E47B0C0063F1D1 /* AlarmViewController.m in Sources */ = {isa = PBXBuildFile; fileRef = F5F7295219E47B0C0063F1D1 /* AlarmViewController.m */; };
		F5F72B4C19E5DFA30063F1D1 /* Security.framework in Frameworks */ = {isa = PBXBuildFile; fileRef = F5F72B4B19E5DFA30063F1D1 /* Security.framework */; };
		F5F730AF19E6706B0063F1D1 /* AVFoundation.framework in Frameworks */ = {isa = PBXBuildFile; fileRef = F5F730AE19E6706B0063F1D1 /* AVFoundation.framework */; };
/* End PBXBuildFile section */

/* Begin PBXContainerItemProxy section */
		F542B4E119D41D1E003E4339 /* PBXContainerItemProxy */ = {
			isa = PBXContainerItemProxy;
			containerPortal = F542B4B919D41D1E003E4339 /* Project object */;
			proxyType = 1;
			remoteGlobalIDString = F542B4C019D41D1E003E4339;
			remoteInfo = iWake;
		};
/* End PBXContainerItemProxy section */

/* Begin PBXFileReference section */
		F531FC351A0A6424003CDBD4 /* StartViewController.h */ = {isa = PBXFileReference; fileEncoding = 4; lastKnownFileType = sourcecode.c.h; path = StartViewController.h; sourceTree = "<group>"; };
		F531FC361A0A6424003CDBD4 /* StartViewController.m */ = {isa = PBXFileReference; fileEncoding = 4; lastKnownFileType = sourcecode.c.objc; path = StartViewController.m; sourceTree = "<group>"; };
		F531FC381A0AEA32003CDBD4 /* checkedOff.png */ = {isa = PBXFileReference; lastKnownFileType = image.png; name = checkedOff.png; path = ../checkedOff.png; sourceTree = "<group>"; };
		F531FC391A0AEA32003CDBD4 /* checkedOn.png */ = {isa = PBXFileReference; lastKnownFileType = image.png; name = checkedOn.png; path = ../checkedOn.png; sourceTree = "<group>"; };
		F531FC3C1A0AEE7C003CDBD4 /* alarm2.mp3 */ = {isa = PBXFileReference; lastKnownFileType = audio.mp3; name = alarm2.mp3; path = ../alarm2.mp3; sourceTree = "<group>"; };
		F531FC3E1A0B0C0C003CDBD4 /* mic.png */ = {isa = PBXFileReference; lastKnownFileType = image.png; name = mic.png; path = ../mic.png; sourceTree = "<group>"; };
		F531FC401A0B0CEE003CDBD4 /* rsz_mic.png */ = {isa = PBXFileReference; lastKnownFileType = image.png; name = rsz_mic.png; path = ../rsz_mic.png; sourceTree = "<group>"; };
		F542B4C119D41D1E003E4339 /* iWake.app */ = {isa = PBXFileReference; explicitFileType = wrapper.application; includeInIndex = 0; path = iWake.app; sourceTree = BUILT_PRODUCTS_DIR; };
		F542B4C419D41D1E003E4339 /* Foundation.framework */ = {isa = PBXFileReference; lastKnownFileType = wrapper.framework; name = Foundation.framework; path = System/Library/Frameworks/Foundation.framework; sourceTree = SDKROOT; };
		F542B4C619D41D1E003E4339 /* CoreGraphics.framework */ = {isa = PBXFileReference; lastKnownFileType = wrapper.framework; name = CoreGraphics.framework; path = System/Library/Frameworks/CoreGraphics.framework; sourceTree = SDKROOT; };
		F542B4C819D41D1E003E4339 /* UIKit.framework */ = {isa = PBXFileReference; lastKnownFileType = wrapper.framework; name = UIKit.framework; path = System/Library/Frameworks/UIKit.framework; sourceTree = SDKROOT; };
		F542B4CC19D41D1E003E4339 /* iWake-Info.plist */ = {isa = PBXFileReference; lastKnownFileType = text.plist.xml; path = "iWake-Info.plist"; sourceTree = "<group>"; };
		F542B4CE19D41D1E003E4339 /* en */ = {isa = PBXFileReference; lastKnownFileType = text.plist.strings; name = en; path = en.lproj/InfoPlist.strings; sourceTree = "<group>"; };
		F542B4D019D41D1E003E4339 /* main.m */ = {isa = PBXFileReference; lastKnownFileType = sourcecode.c.objc; path = main.m; sourceTree = "<group>"; };
		F542B4D219D41D1E003E4339 /* iWake-Prefix.pch */ = {isa = PBXFileReference; lastKnownFileType = sourcecode.c.h; path = "iWake-Prefix.pch"; sourceTree = "<group>"; };
		F542B4D319D41D1E003E4339 /* AppDelegate.h */ = {isa = PBXFileReference; lastKnownFileType = sourcecode.c.h; path = AppDelegate.h; sourceTree = "<group>"; };
		F542B4D419D41D1E003E4339 /* AppDelegate.m */ = {isa = PBXFileReference; lastKnownFileType = sourcecode.c.objc; path = AppDelegate.m; sourceTree = "<group>"; };
		F542B4D619D41D1E003E4339 /* Images.xcassets */ = {isa = PBXFileReference; lastKnownFileType = folder.assetcatalog; path = Images.xcassets; sourceTree = "<group>"; };
		F542B4DC19D41D1E003E4339 /* iWakeTests.xctest */ = {isa = PBXFileReference; explicitFileType = wrapper.cfbundle; includeInIndex = 0; path = iWakeTests.xctest; sourceTree = BUILT_PRODUCTS_DIR; };
		F542B4DD19D41D1E003E4339 /* XCTest.framework */ = {isa = PBXFileReference; lastKnownFileType = wrapper.framework; name = XCTest.framework; path = Library/Frameworks/XCTest.framework; sourceTree = DEVELOPER_DIR; };
		F542B4E519D41D1E003E4339 /* iWakeTests-Info.plist */ = {isa = PBXFileReference; lastKnownFileType = text.plist.xml; path = "iWakeTests-Info.plist"; sourceTree = "<group>"; };
		F542B4E719D41D1E003E4339 /* en */ = {isa = PBXFileReference; lastKnownFileType = text.plist.strings; name = en; path = en.lproj/InfoPlist.strings; sourceTree = "<group>"; };
		F542B4E919D41D1E003E4339 /* iWakeTests.m */ = {isa = PBXFileReference; lastKnownFileType = sourcecode.c.objc; path = iWakeTests.m; sourceTree = "<group>"; };
		F542B4F319D41D42003E4339 /* Main.storyboard */ = {isa = PBXFileReference; fileEncoding = 4; lastKnownFileType = file.storyboard; name = Main.storyboard; path = ../Main.storyboard; sourceTree = "<group>"; };
		F542B4F719D4278D003E4339 /* alarm1.mp3 */ = {isa = PBXFileReference; lastKnownFileType = audio.mp3; name = alarm1.mp3; path = ../alarm1.mp3; sourceTree = "<group>"; };
		F542B4F919D42AAB003E4339 /* rsz_alarm-clock-icon-614x460.png */ = {isa = PBXFileReference; lastKnownFileType = image.png; path = "rsz_alarm-clock-icon-614x460.png"; sourceTree = "<group>"; };
		F54FC4891A090462002F30A2 /* RecordViewController.h */ = {isa = PBXFileReference; fileEncoding = 4; lastKnownFileType = sourcecode.c.h; path = RecordViewController.h; sourceTree = "<group>"; };
		F54FC48A1A090462002F30A2 /* RecordViewController.m */ = {isa = PBXFileReference; fileEncoding = 4; lastKnownFileType = sourcecode.c.objc; path = RecordViewController.m; sourceTree = "<group>"; };
		F54FC48C1A09633D002F30A2 /* WeatherViewController.h */ = {isa = PBXFileReference; fileEncoding = 4; lastKnownFileType = sourcecode.c.h; path = WeatherViewController.h; sourceTree = "<group>"; };
		F54FC48D1A09633D002F30A2 /* WeatherViewController.m */ = {isa = PBXFileReference; fileEncoding = 4; lastKnownFileType = sourcecode.c.objc; path = WeatherViewController.m; sourceTree = "<group>"; };
		F54FC48F1A096AED002F30A2 /* Weather.h */ = {isa = PBXFileReference; fileEncoding = 4; lastKnownFileType = sourcecode.c.h; path = Weather.h; sourceTree = "<group>"; };
		F54FC4901A096AED002F30A2 /* Weather.m */ = {isa = PBXFileReference; fileEncoding = 4; lastKnownFileType = sourcecode.c.objc; path = Weather.m; sourceTree = "<group>"; };
		F54FC6741A097572002F30A2 /* .gitignore */ = {isa = PBXFileReference; fileEncoding = 4; lastKnownFileType = text; path = .gitignore; sourceTree = "<group>"; };
		F54FC6751A097572002F30A2 /* .travis.yml */ = {isa = PBXFileReference; fileEncoding = 4; lastKnownFileType = text; path = .travis.yml; sourceTree = "<group>"; };
		F54FC6771A097572002F30A2 /* AFHTTPClient.h */ = {isa = PBXFileReference; fileEncoding = 4; lastKnownFileType = sourcecode.c.h; path = AFHTTPClient.h; sourceTree = "<group>"; };
		F54FC6781A097572002F30A2 /* AFHTTPClient.m */ = {isa = PBXFileReference; fileEncoding = 4; lastKnownFileType = sourcecode.c.objc; path = AFHTTPClient.m; sourceTree = "<group>"; };
		F54FC6791A097572002F30A2 /* AFHTTPRequestOperation.h */ = {isa = PBXFileReference; fileEncoding = 4; lastKnownFileType = sourcecode.c.h; path = AFHTTPRequestOperation.h; sourceTree = "<group>"; };
		F54FC67A1A097572002F30A2 /* AFHTTPRequestOperation.m */ = {isa = PBXFileReference; fileEncoding = 4; lastKnownFileType = sourcecode.c.objc; path = AFHTTPRequestOperation.m; sourceTree = "<group>"; };
		F54FC67B1A097572002F30A2 /* AFImageRequestOperation.h */ = {isa = PBXFileReference; fileEncoding = 4; lastKnownFileType = sourcecode.c.h; path = AFImageRequestOperation.h; sourceTree = "<group>"; };
		F54FC67C1A097572002F30A2 /* AFImageRequestOperation.m */ = {isa = PBXFileReference; fileEncoding = 4; lastKnownFileType = sourcecode.c.objc; path = AFImageRequestOperation.m; sourceTree = "<group>"; };
		F54FC67D1A097572002F30A2 /* AFJSONRequestOperation.h */ = {isa = PBXFileReference; fileEncoding = 4; lastKnownFileType = sourcecode.c.h; path = AFJSONRequestOperation.h; sourceTree = "<group>"; };
		F54FC67E1A097572002F30A2 /* AFJSONRequestOperation.m */ = {isa = PBXFileReference; fileEncoding = 4; lastKnownFileType = sourcecode.c.objc; path = AFJSONRequestOperation.m; sourceTree = "<group>"; };
		F54FC67F1A097572002F30A2 /* AFNetworkActivityIndicatorManager.h */ = {isa = PBXFileReference; fileEncoding = 4; lastKnownFileType = sourcecode.c.h; path = AFNetworkActivityIndicatorManager.h; sourceTree = "<group>"; };
		F54FC6801A097572002F30A2 /* AFNetworkActivityIndicatorManager.m */ = {isa = PBXFileReference; fileEncoding = 4; lastKnownFileType = sourcecode.c.objc; path = AFNetworkActivityIndicatorManager.m; sourceTree = "<group>"; };
		F54FC6811A097572002F30A2 /* AFNetworking.h */ = {isa = PBXFileReference; fileEncoding = 4; lastKnownFileType = sourcecode.c.h; path = AFNetworking.h; sourceTree = "<group>"; };
		F54FC6821A097572002F30A2 /* AFPropertyListRequestOperation.h */ = {isa = PBXFileReference; fileEncoding = 4; lastKnownFileType = sourcecode.c.h; path = AFPropertyListRequestOperation.h; sourceTree = "<group>"; };
		F54FC6831A097572002F30A2 /* AFPropertyListRequestOperation.m */ = {isa = PBXFileReference; fileEncoding = 4; lastKnownFileType = sourcecode.c.objc; path = AFPropertyListRequestOperation.m; sourceTree = "<group>"; };
		F54FC6841A097572002F30A2 /* AFURLConnectionOperation.h */ = {isa = PBXFileReference; fileEncoding = 4; lastKnownFileType = sourcecode.c.h; path = AFURLConnectionOperation.h; sourceTree = "<group>"; };
		F54FC6851A097572002F30A2 /* AFURLConnectionOperation.m */ = {isa = PBXFileReference; fileEncoding = 4; lastKnownFileType = sourcecode.c.objc; path = AFURLConnectionOperation.m; sourceTree = "<group>"; };
		F54FC6861A097572002F30A2 /* AFXMLRequestOperation.h */ = {isa = PBXFileReference; fileEncoding = 4; lastKnownFileType = sourcecode.c.h; path = AFXMLRequestOperation.h; sourceTree = "<group>"; };
		F54FC6871A097572002F30A2 /* AFXMLRequestOperation.m */ = {isa = PBXFileReference; fileEncoding = 4; lastKnownFileType = sourcecode.c.objc; path = AFXMLRequestOperation.m; sourceTree = "<group>"; };
		F54FC6881A097572002F30A2 /* UIImageView+AFNetworking.h */ = {isa = PBXFileReference; fileEncoding = 4; lastKnownFileType = sourcecode.c.h; path = "UIImageView+AFNetworking.h"; sourceTree = "<group>"; };
		F54FC6891A097572002F30A2 /* UIImageView+AFNetworking.m */ = {isa = PBXFileReference; fileEncoding = 4; lastKnownFileType = sourcecode.c.objc; path = "UIImageView+AFNetworking.m"; sourceTree = "<group>"; };
		F54FC68A1A097572002F30A2 /* AFNetworking.podspec */ = {isa = PBXFileReference; fileEncoding = 4; lastKnownFileType = text; path = AFNetworking.podspec; sourceTree = "<group>"; };
		F54FC68B1A097572002F30A2 /* AFNetworking.xcworkspace */ = {isa = PBXFileReference; lastKnownFileType = wrapper.workspace; path = AFNetworking.xcworkspace; sourceTree = "<group>"; };
		F54FC68C1A097572002F30A2 /* CHANGES */ = {isa = PBXFileReference; fileEncoding = 4; lastKnownFileType = text; path = CHANGES; sourceTree = "<group>"; };
		F54FC6B51A097572002F30A2 /* LICENSE */ = {isa = PBXFileReference; fileEncoding = 4; lastKnownFileType = text; path = LICENSE; sourceTree = "<group>"; };
		F54FC6B61A097572002F30A2 /* Rakefile */ = {isa = PBXFileReference; fileEncoding = 4; lastKnownFileType = text; path = Rakefile; sourceTree = "<group>"; };
		F54FC6B71A097572002F30A2 /* README.md */ = {isa = PBXFileReference; fileEncoding = 4; lastKnownFileType = text; path = README.md; sourceTree = "<group>"; };
		F54FC7121A0A3C0B002F30A2 /* Alarm.png */ = {isa = PBXFileReference; lastKnownFileType = image.png; name = Alarm.png; path = ../Alarm.png; sourceTree = "<group>"; };
		F54FC7151A0A3C0B002F30A2 /* Headset.png */ = {isa = PBXFileReference; lastKnownFileType = image.png; name = Headset.png; path = ../Headset.png; sourceTree = "<group>"; };
		F54FC7161A0A3C0B002F30A2 /* iCloud.png */ = {isa = PBXFileReference; lastKnownFileType = image.png; name = iCloud.png; path = ../iCloud.png; sourceTree = "<group>"; };
		F54FC71C1A0A3CC7002F30A2 /* Bookmarks.png */ = {isa = PBXFileReference; lastKnownFileType = image.png; name = Bookmarks.png; path = ../Bookmarks.png; sourceTree = "<group>"; };
		F5715AB019E477DF0095C248 /* SettingViewController.h */ = {isa = PBXFileReference; fileEncoding = 4; lastKnownFileType = sourcecode.c.h; name = SettingViewController.h; path = ../SettingViewController.h; sourceTree = "<group>"; };
		F5715AB119E477DF0095C248 /* SettingViewController.m */ = {isa = PBXFileReference; fileEncoding = 4; lastKnownFileType = sourcecode.c.objc; name = SettingViewController.m; path = ../SettingViewController.m; sourceTree = "<group>"; };
		F5F7295119E47B0C0063F1D1 /* AlarmViewController.h */ = {isa = PBXFileReference; fileEncoding = 4; lastKnownFileType = sourcecode.c.h; path = AlarmViewController.h; sourceTree = "<group>"; };
		F5F7295219E47B0C0063F1D1 /* AlarmViewController.m */ = {isa = PBXFileReference; fileEncoding = 4; lastKnownFileType = sourcecode.c.objc; path = AlarmViewController.m; sourceTree = "<group>"; };
		F5F72B4B19E5DFA30063F1D1 /* Security.framework */ = {isa = PBXFileReference; lastKnownFileType = wrapper.framework; name = Security.framework; path = System/Library/Frameworks/Security.framework; sourceTree = SDKROOT; };
		F5F730AE19E6706B0063F1D1 /* AVFoundation.framework */ = {isa = PBXFileReference; lastKnownFileType = wrapper.framework; name = AVFoundation.framework; path = System/Library/Frameworks/AVFoundation.framework; sourceTree = SDKROOT; };
/* End PBXFileReference section */

/* Begin PBXFrameworksBuildPhase section */
		F542B4BE19D41D1E003E4339 /* Frameworks */ = {
			isa = PBXFrameworksBuildPhase;
			buildActionMask = 2147483647;
			files = (
				F542B4C519D41D1E003E4339 /* Foundation.framework in Frameworks */,
				F5F730AF19E6706B0063F1D1 /* AVFoundation.framework in Frameworks */,
				F5F72B4C19E5DFA30063F1D1 /* Security.framework in Frameworks */,
				F542B4C719D41D1E003E4339 /* CoreGraphics.framework in Frameworks */,
				F542B4C919D41D1E003E4339 /* UIKit.framework in Frameworks */,
			);
			runOnlyForDeploymentPostprocessing = 0;
		};
		F542B4D919D41D1E003E4339 /* Frameworks */ = {
			isa = PBXFrameworksBuildPhase;
			buildActionMask = 2147483647;
			files = (
				F542B4DE19D41D1E003E4339 /* XCTest.framework in Frameworks */,
				F542B4E019D41D1E003E4339 /* UIKit.framework in Frameworks */,
				F542B4DF19D41D1E003E4339 /* Foundation.framework in Frameworks */,
			);
			runOnlyForDeploymentPostprocessing = 0;
		};
/* End PBXFrameworksBuildPhase section */

/* Begin PBXGroup section */
		F542B4B819D41D1E003E4339 = {
			isa = PBXGroup;
			children = (
				F54FC6731A097572002F30A2 /* AFNetworking-1.3.3 */,
				F542B4CA19D41D1E003E4339 /* iWake */,
				F542B4E319D41D1E003E4339 /* iWakeTests */,
				F542B4C319D41D1E003E4339 /* Frameworks */,
				F542B4C219D41D1E003E4339 /* Products */,
			);
			sourceTree = "<group>";
		};
		F542B4C219D41D1E003E4339 /* Products */ = {
			isa = PBXGroup;
			children = (
				F542B4C119D41D1E003E4339 /* iWake.app */,
				F542B4DC19D41D1E003E4339 /* iWakeTests.xctest */,
			);
			name = Products;
			sourceTree = "<group>";
		};
		F542B4C319D41D1E003E4339 /* Frameworks */ = {
			isa = PBXGroup;
			children = (
				F5F730AE19E6706B0063F1D1 /* AVFoundation.framework */,
				F5F72B4B19E5DFA30063F1D1 /* Security.framework */,
				F542B4C419D41D1E003E4339 /* Foundation.framework */,
				F542B4C619D41D1E003E4339 /* CoreGraphics.framework */,
				F542B4C819D41D1E003E4339 /* UIKit.framework */,
				F542B4DD19D41D1E003E4339 /* XCTest.framework */,
			);
			name = Frameworks;
			sourceTree = "<group>";
		};
		F542B4CA19D41D1E003E4339 /* iWake */ = {
			isa = PBXGroup;
			children = (
				F54FC4891A090462002F30A2 /* RecordViewController.h */,
				F54FC48A1A090462002F30A2 /* RecordViewController.m */,
				F542B4D319D41D1E003E4339 /* AppDelegate.h */,
				F531FC351A0A6424003CDBD4 /* StartViewController.h */,
				F531FC361A0A6424003CDBD4 /* StartViewController.m */,
				F542B4D419D41D1E003E4339 /* AppDelegate.m */,
				F542B4F319D41D42003E4339 /* Main.storyboard */,
				F5F7295119E47B0C0063F1D1 /* AlarmViewController.h */,
				F5F7295219E47B0C0063F1D1 /* AlarmViewController.m */,
				F5715AB119E477DF0095C248 /* SettingViewController.m */,
				F5715AB019E477DF0095C248 /* SettingViewController.h */,
				F542B4D019D41D1E003E4339 /* main.m */,
				F54FC48C1A09633D002F30A2 /* WeatherViewController.h */,
				F54FC48D1A09633D002F30A2 /* WeatherViewController.m */,
				F54FC48F1A096AED002F30A2 /* Weather.h */,
				F54FC4901A096AED002F30A2 /* Weather.m */,
				F542B4D619D41D1E003E4339 /* Images.xcassets */,
				F542B4CB19D41D1E003E4339 /* Supporting Files */,
			);
			path = iWake;
			sourceTree = "<group>";
		};
		F542B4CB19D41D1E003E4339 /* Supporting Files */ = {
			isa = PBXGroup;
			children = (
				F531FC401A0B0CEE003CDBD4 /* rsz_mic.png */,
				F531FC3E1A0B0C0C003CDBD4 /* mic.png */,
				F542B4F719D4278D003E4339 /* alarm1.mp3 */,
				F531FC3C1A0AEE7C003CDBD4 /* alarm2.mp3 */,
				F531FC381A0AEA32003CDBD4 /* checkedOff.png */,
				F531FC391A0AEA32003CDBD4 /* checkedOn.png */,
				F54FC71C1A0A3CC7002F30A2 /* Bookmarks.png */,
				F54FC7121A0A3C0B002F30A2 /* Alarm.png */,
				F54FC7151A0A3C0B002F30A2 /* Headset.png */,
				F54FC7161A0A3C0B002F30A2 /* iCloud.png */,
				F542B4CC19D41D1E003E4339 /* iWake-Info.plist */,
				F542B4CD19D41D1E003E4339 /* InfoPlist.strings */,
				F542B4D219D41D1E003E4339 /* iWake-Prefix.pch */,
				F542B4F919D42AAB003E4339 /* rsz_alarm-clock-icon-614x460.png */,
			);
			name = "Supporting Files";
			sourceTree = "<group>";
		};
		F542B4E319D41D1E003E4339 /* iWakeTests */ = {
			isa = PBXGroup;
			children = (
				F542B4E919D41D1E003E4339 /* iWakeTests.m */,
				F542B4E419D41D1E003E4339 /* Supporting Files */,
			);
			path = iWakeTests;
			sourceTree = "<group>";
		};
		F542B4E419D41D1E003E4339 /* Supporting Files */ = {
			isa = PBXGroup;
			children = (
				F542B4E519D41D1E003E4339 /* iWakeTests-Info.plist */,
				F542B4E619D41D1E003E4339 /* InfoPlist.strings */,
			);
			name = "Supporting Files";
			sourceTree = "<group>";
		};
		F54FC6731A097572002F30A2 /* AFNetworking-1.3.3 */ = {
			isa = PBXGroup;
			children = (
				F54FC6741A097572002F30A2 /* .gitignore */,
				F54FC6751A097572002F30A2 /* .travis.yml */,
				F54FC6761A097572002F30A2 /* AFNetworking */,
				F54FC68A1A097572002F30A2 /* AFNetworking.podspec */,
				F54FC68B1A097572002F30A2 /* AFNetworking.xcworkspace */,
				F54FC68C1A097572002F30A2 /* CHANGES */,
				F54FC6B51A097572002F30A2 /* LICENSE */,
				F54FC6B61A097572002F30A2 /* Rakefile */,
				F54FC6B71A097572002F30A2 /* README.md */,
			);
			name = "AFNetworking-1.3.3";
			path = "iWake/AFNetworking-1.3.3";
			sourceTree = "<group>";
		};
		F54FC6761A097572002F30A2 /* AFNetworking */ = {
			isa = PBXGroup;
			children = (
				F54FC6771A097572002F30A2 /* AFHTTPClient.h */,
				F54FC6781A097572002F30A2 /* AFHTTPClient.m */,
				F54FC6791A097572002F30A2 /* AFHTTPRequestOperation.h */,
				F54FC67A1A097572002F30A2 /* AFHTTPRequestOperation.m */,
				F54FC67B1A097572002F30A2 /* AFImageRequestOperation.h */,
				F54FC67C1A097572002F30A2 /* AFImageRequestOperation.m */,
				F54FC67D1A097572002F30A2 /* AFJSONRequestOperation.h */,
				F54FC67E1A097572002F30A2 /* AFJSONRequestOperation.m */,
				F54FC67F1A097572002F30A2 /* AFNetworkActivityIndicatorManager.h */,
				F54FC6801A097572002F30A2 /* AFNetworkActivityIndicatorManager.m */,
				F54FC6811A097572002F30A2 /* AFNetworking.h */,
				F54FC6821A097572002F30A2 /* AFPropertyListRequestOperation.h */,
				F54FC6831A097572002F30A2 /* AFPropertyListRequestOperation.m */,
				F54FC6841A097572002F30A2 /* AFURLConnectionOperation.h */,
				F54FC6851A097572002F30A2 /* AFURLConnectionOperation.m */,
				F54FC6861A097572002F30A2 /* AFXMLRequestOperation.h */,
				F54FC6871A097572002F30A2 /* AFXMLRequestOperation.m */,
				F54FC6881A097572002F30A2 /* UIImageView+AFNetworking.h */,
				F54FC6891A097572002F30A2 /* UIImageView+AFNetworking.m */,
			);
			path = AFNetworking;
			sourceTree = "<group>";
		};
/* End PBXGroup section */

/* Begin PBXNativeTarget section */
		F542B4C019D41D1E003E4339 /* iWake */ = {
			isa = PBXNativeTarget;
			buildConfigurationList = F542B4ED19D41D1E003E4339 /* Build configuration list for PBXNativeTarget "iWake" */;
			buildPhases = (
				F542B4BD19D41D1E003E4339 /* Sources */,
				F542B4BE19D41D1E003E4339 /* Frameworks */,
				F542B4BF19D41D1E003E4339 /* Resources */,
			);
			buildRules = (
			);
			dependencies = (
			);
			name = iWake;
			productName = iWake;
			productReference = F542B4C119D41D1E003E4339 /* iWake.app */;
			productType = "com.apple.product-type.application";
		};
		F542B4DB19D41D1E003E4339 /* iWakeTests */ = {
			isa = PBXNativeTarget;
			buildConfigurationList = F542B4F019D41D1E003E4339 /* Build configuration list for PBXNativeTarget "iWakeTests" */;
			buildPhases = (
				F542B4D819D41D1E003E4339 /* Sources */,
				F542B4D919D41D1E003E4339 /* Frameworks */,
				F542B4DA19D41D1E003E4339 /* Resources */,
			);
			buildRules = (
			);
			dependencies = (
				F542B4E219D41D1E003E4339 /* PBXTargetDependency */,
			);
			name = iWakeTests;
			productName = iWakeTests;
			productReference = F542B4DC19D41D1E003E4339 /* iWakeTests.xctest */;
			productType = "com.apple.product-type.bundle.unit-test";
		};
/* End PBXNativeTarget section */

/* Begin PBXProject section */
		F542B4B919D41D1E003E4339 /* Project object */ = {
			isa = PBXProject;
			attributes = {
				LastUpgradeCheck = 0510;
				ORGANIZATIONNAME = "___FULLUSERNAME___";
				TargetAttributes = {
					F542B4C019D41D1E003E4339 = {
						DevelopmentTeam = CU3Z5M9BXQ;
					};
					F542B4DB19D41D1E003E4339 = {
						TestTargetID = F542B4C019D41D1E003E4339;
					};
				};
			};
			buildConfigurationList = F542B4BC19D41D1E003E4339 /* Build configuration list for PBXProject "iWake" */;
			compatibilityVersion = "Xcode 3.2";
			developmentRegion = English;
			hasScannedForEncodings = 0;
			knownRegions = (
				en,
			);
			mainGroup = F542B4B819D41D1E003E4339;
			productRefGroup = F542B4C219D41D1E003E4339 /* Products */;
			projectDirPath = "";
			projectRoot = "";
			targets = (
				F542B4C019D41D1E003E4339 /* iWake */,
				F542B4DB19D41D1E003E4339 /* iWakeTests */,
			);
		};
/* End PBXProject section */

/* Begin PBXResourcesBuildPhase section */
		F542B4BF19D41D1E003E4339 /* Resources */ = {
			isa = PBXResourcesBuildPhase;
			buildActionMask = 2147483647;
			files = (
				F54FC71D1A0A3CC7002F30A2 /* Bookmarks.png in Resources */,
				F542B4F819D4278E003E4339 /* alarm1.mp3 in Resources */,
				F54FC6F51A097572002F30A2 /* README.md in Resources */,
				F54FC71A1A0A3C0B002F30A2 /* Headset.png in Resources */,
				F542B4F419D41D42003E4339 /* Main.storyboard in Resources */,
				F542B4CF19D41D1E003E4339 /* InfoPlist.strings in Resources */,
				F531FC3B1A0AEA32003CDBD4 /* checkedOn.png in Resources */,
				F542B4FA19D42AAB003E4339 /* rsz_alarm-clock-icon-614x460.png in Resources */,
				F54FC6DE1A097572002F30A2 /* CHANGES in Resources */,
				F54FC6D11A097572002F30A2 /* .gitignore in Resources */,
				F54FC6DD1A097572002F30A2 /* AFNetworking.xcworkspace in Resources */,
				F54FC6D21A097572002F30A2 /* .travis.yml in Resources */,
				F531FC3F1A0B0C0C003CDBD4 /* mic.png in Resources */,
				F531FC3A1A0AEA32003CDBD4 /* checkedOff.png in Resources */,
				F542B4D719D41D1E003E4339 /* Images.xcassets in Resources */,
				F54FC6F41A097572002F30A2 /* Rakefile in Resources */,
				F531FC3D1A0AEE7C003CDBD4 /* alarm2.mp3 in Resources */,
				F531FC411A0B0CEE003CDBD4 /* rsz_mic.png in Resources */,
				F54FC71B1A0A3C0B002F30A2 /* iCloud.png in Resources */,
				F54FC7171A0A3C0B002F30A2 /* Alarm.png in Resources */,
				F54FC6DC1A097572002F30A2 /* AFNetworking.podspec in Resources */,
				F54FC6F31A097572002F30A2 /* LICENSE in Resources */,
			);
			runOnlyForDeploymentPostprocessing = 0;
		};
		F542B4DA19D41D1E003E4339 /* Resources */ = {
			isa = PBXResourcesBuildPhase;
			buildActionMask = 2147483647;
			files = (
				F542B4E819D41D1E003E4339 /* InfoPlist.strings in Resources */,
			);
			runOnlyForDeploymentPostprocessing = 0;
		};
/* End PBXResourcesBuildPhase section */

/* Begin PBXSourcesBuildPhase section */
		F542B4BD19D41D1E003E4339 /* Sources */ = {
			isa = PBXSourcesBuildPhase;
			buildActionMask = 2147483647;
			files = (
				F5F7295319E47B0C0063F1D1 /* AlarmViewController.m in Sources */,
				F54FC6DB1A097572002F30A2 /* UIImageView+AFNetworking.m in Sources */,
				F54FC48E1A09633D002F30A2 /* WeatherViewController.m in Sources */,
				F531FC371A0A6424003CDBD4 /* StartViewController.m in Sources */,
				F54FC6D61A097572002F30A2 /* AFJSONRequestOperation.m in Sources */,
				F54FC6D41A097572002F30A2 /* AFHTTPRequestOperation.m in Sources */,
				F54FC6DA1A097572002F30A2 /* AFXMLRequestOperation.m in Sources */,
				F54FC6D91A097572002F30A2 /* AFURLConnectionOperation.m in Sources */,
				F54FC6D51A097572002F30A2 /* AFImageRequestOperation.m in Sources */,
				F54FC6D31A097572002F30A2 /* AFHTTPClient.m in Sources */,
				F54FC4911A096AED002F30A2 /* Weather.m in Sources */,
				F54FC6D81A097572002F30A2 /* AFPropertyListRequestOperation.m in Sources */,
				F542B4D519D41D1E003E4339 /* AppDelegate.m in Sources */,
				F54FC6D71A097572002F30A2 /* AFNetworkActivityIndicatorManager.m in Sources */,
				F542B4D119D41D1E003E4339 /* main.m in Sources */,
				F54FC48B1A090462002F30A2 /* RecordViewController.m in Sources */,
				F5715AB219E477DF0095C248 /* SettingViewController.m in Sources */,
			);
			runOnlyForDeploymentPostprocessing = 0;
		};
		F542B4D819D41D1E003E4339 /* Sources */ = {
			isa = PBXSourcesBuildPhase;
			buildActionMask = 2147483647;
			files = (
				F542B4EA19D41D1E003E4339 /* iWakeTests.m in Sources */,
			);
			runOnlyForDeploymentPostprocessing = 0;
		};
/* End PBXSourcesBuildPhase section */

/* Begin PBXTargetDependency section */
		F542B4E219D41D1E003E4339 /* PBXTargetDependency */ = {
			isa = PBXTargetDependency;
			target = F542B4C019D41D1E003E4339 /* iWake */;
			targetProxy = F542B4E119D41D1E003E4339 /* PBXContainerItemProxy */;
		};
/* End PBXTargetDependency section */

/* Begin PBXVariantGroup section */
		F542B4CD19D41D1E003E4339 /* InfoPlist.strings */ = {
			isa = PBXVariantGroup;
			children = (
				F542B4CE19D41D1E003E4339 /* en */,
			);
			name = InfoPlist.strings;
			sourceTree = "<group>";
		};
		F542B4E619D41D1E003E4339 /* InfoPlist.strings */ = {
			isa = PBXVariantGroup;
			children = (
				F542B4E719D41D1E003E4339 /* en */,
			);
			name = InfoPlist.strings;
			sourceTree = "<group>";
		};
/* End PBXVariantGroup section */

/* Begin XCBuildConfiguration section */
		F542B4EB19D41D1E003E4339 /* Debug */ = {
			isa = XCBuildConfiguration;
			buildSettings = {
				ALWAYS_SEARCH_USER_PATHS = NO;
				CLANG_CXX_LANGUAGE_STANDARD = "gnu++0x";
				CLANG_CXX_LIBRARY = "libc++";
				CLANG_ENABLE_MODULES = YES;
				CLANG_ENABLE_OBJC_ARC = YES;
				CLANG_WARN_BOOL_CONVERSION = YES;
				CLANG_WARN_CONSTANT_CONVERSION = YES;
				CLANG_WARN_DIRECT_OBJC_ISA_USAGE = YES_ERROR;
				CLANG_WARN_EMPTY_BODY = YES;
				CLANG_WARN_ENUM_CONVERSION = YES;
				CLANG_WARN_INT_CONVERSION = YES;
				CLANG_WARN_OBJC_ROOT_CLASS = YES_ERROR;
				CLANG_WARN__DUPLICATE_METHOD_MATCH = YES;
				"CODE_SIGN_IDENTITY[sdk=iphoneos*]" = "iPhone Developer";
				COPY_PHASE_STRIP = NO;
				GCC_C_LANGUAGE_STANDARD = gnu99;
				GCC_DYNAMIC_NO_PIC = NO;
				GCC_OPTIMIZATION_LEVEL = 0;
				GCC_PREPROCESSOR_DEFINITIONS = (
					"DEBUG=1",
					"$(inherited)",
				);
				GCC_SYMBOLS_PRIVATE_EXTERN = NO;
				GCC_WARN_64_TO_32_BIT_CONVERSION = YES;
				GCC_WARN_ABOUT_RETURN_TYPE = YES_ERROR;
				GCC_WARN_UNDECLARED_SELECTOR = YES;
				GCC_WARN_UNINITIALIZED_AUTOS = YES_AGGRESSIVE;
				GCC_WARN_UNUSED_FUNCTION = YES;
				GCC_WARN_UNUSED_VARIABLE = YES;
				IPHONEOS_DEPLOYMENT_TARGET = 7.1;
				ONLY_ACTIVE_ARCH = YES;
				SDKROOT = iphoneos;
			};
			name = Debug;
		};
		F542B4EC19D41D1E003E4339 /* Release */ = {
			isa = XCBuildConfiguration;
			buildSettings = {
				ALWAYS_SEARCH_USER_PATHS = NO;
				CLANG_CXX_LANGUAGE_STANDARD = "gnu++0x";
				CLANG_CXX_LIBRARY = "libc++";
				CLANG_ENABLE_MODULES = YES;
				CLANG_ENABLE_OBJC_ARC = YES;
				CLANG_WARN_BOOL_CONVERSION = YES;
				CLANG_WARN_CONSTANT_CONVERSION = YES;
				CLANG_WARN_DIRECT_OBJC_ISA_USAGE = YES_ERROR;
				CLANG_WARN_EMPTY_BODY = YES;
				CLANG_WARN_ENUM_CONVERSION = YES;
				CLANG_WARN_INT_CONVERSION = YES;
				CLANG_WARN_OBJC_ROOT_CLASS = YES_ERROR;
				CLANG_WARN__DUPLICATE_METHOD_MATCH = YES;
				"CODE_SIGN_IDENTITY[sdk=iphoneos*]" = "iPhone Developer";
				COPY_PHASE_STRIP = YES;
				ENABLE_NS_ASSERTIONS = NO;
				GCC_C_LANGUAGE_STANDARD = gnu99;
				GCC_WARN_64_TO_32_BIT_CONVERSION = YES;
				GCC_WARN_ABOUT_RETURN_TYPE = YES_ERROR;
				GCC_WARN_UNDECLARED_SELECTOR = YES;
				GCC_WARN_UNINITIALIZED_AUTOS = YES_AGGRESSIVE;
				GCC_WARN_UNUSED_FUNCTION = YES;
				GCC_WARN_UNUSED_VARIABLE = YES;
				IPHONEOS_DEPLOYMENT_TARGET = 7.1;
				SDKROOT = iphoneos;
				VALIDATE_PRODUCT = YES;
			};
			name = Release;
		};
		F542B4EE19D41D1E003E4339 /* Debug */ = {
			isa = XCBuildConfiguration;
			buildSettings = {
				ASSETCATALOG_COMPILER_APPICON_NAME = AppIcon;
				ASSETCATALOG_COMPILER_LAUNCHIMAGE_NAME = LaunchImage;
				CODE_SIGN_IDENTITY = "iPhone Developer";
				"CODE_SIGN_IDENTITY[sdk=iphoneos*]" = "iPhone Developer";
				GCC_PRECOMPILE_PREFIX_HEADER = YES;
				GCC_PREFIX_HEADER = "iWake/iWake-Prefix.pch";
				INFOPLIST_FILE = "iWake/iWake-Info.plist";
				IPHONEOS_DEPLOYMENT_TARGET = 7.0;
				PRODUCT_NAME = "$(TARGET_NAME)";
				PROVISIONING_PROFILE = "";
				WRAPPER_EXTENSION = app;
			};
			name = Debug;
		};
		F542B4EF19D41D1E003E4339 /* Release */ = {
			isa = XCBuildConfiguration;
			buildSettings = {
				ASSETCATALOG_COMPILER_APPICON_NAME = AppIcon;
				ASSETCATALOG_COMPILER_LAUNCHIMAGE_NAME = LaunchImage;
				CODE_SIGN_IDENTITY = "iPhone Developer";
				"CODE_SIGN_IDENTITY[sdk=iphoneos*]" = "iPhone Developer";
				GCC_PRECOMPILE_PREFIX_HEADER = YES;
				GCC_PREFIX_HEADER = "iWake/iWake-Prefix.pch";
				INFOPLIST_FILE = "iWake/iWake-Info.plist";
				IPHONEOS_DEPLOYMENT_TARGET = 7.0;
				PRODUCT_NAME = "$(TARGET_NAME)";
				PROVISIONING_PROFILE = "";
				WRAPPER_EXTENSION = app;
			};
			name = Release;
		};
		F542B4F119D41D1E003E4339 /* Debug */ = {
			isa = XCBuildConfiguration;
			buildSettings = {
				BUNDLE_LOADER = "$(BUILT_PRODUCTS_DIR)/iWake.app/iWake";
				FRAMEWORK_SEARCH_PATHS = (
					"$(SDKROOT)/Developer/Library/Frameworks",
					"$(inherited)",
					"$(DEVELOPER_FRAMEWORKS_DIR)",
				);
				GCC_PRECOMPILE_PREFIX_HEADER = YES;
				GCC_PREFIX_HEADER = "iWake/iWake-Prefix.pch";
				GCC_PREPROCESSOR_DEFINITIONS = (
					"DEBUG=1",
					"$(inherited)",
				);
				INFOPLIST_FILE = "iWakeTests/iWakeTests-Info.plist";
				PRODUCT_NAME = "$(TARGET_NAME)";
				TEST_HOST = "$(BUNDLE_LOADER)";
				WRAPPER_EXTENSION = xctest;
			};
			name = Debug;
		};
		F542B4F219D41D1E003E4339 /* Release */ = {
			isa = XCBuildConfiguration;
			buildSettings = {
				BUNDLE_LOADER = "$(BUILT_PRODUCTS_DIR)/iWake.app/iWake";
				FRAMEWORK_SEARCH_PATHS = (
					"$(SDKROOT)/Developer/Library/Frameworks",
					"$(inherited)",
					"$(DEVELOPER_FRAMEWORKS_DIR)",
				);
				GCC_PRECOMPILE_PREFIX_HEADER = YES;
				GCC_PREFIX_HEADER = "iWake/iWake-Prefix.pch";
				INFOPLIST_FILE = "iWakeTests/iWakeTests-Info.plist";
				PRODUCT_NAME = "$(TARGET_NAME)";
				TEST_HOST = "$(BUNDLE_LOADER)";
				WRAPPER_EXTENSION = xctest;
			};
			name = Release;
		};
/* End XCBuildConfiguration section */

/* Begin XCConfigurationList section */
		F542B4BC19D41D1E003E4339 /* Build configuration list for PBXProject "iWake" */ = {
			isa = XCConfigurationList;
			buildConfigurations = (
				F542B4EB19D41D1E003E4339 /* Debug */,
				F542B4EC19D41D1E003E4339 /* Release */,
			);
			defaultConfigurationIsVisible = 0;
			defaultConfigurationName = Release;
		};
		F542B4ED19D41D1E003E4339 /* Build configuration list for PBXNativeTarget "iWake" */ = {
			isa = XCConfigurationList;
			buildConfigurations = (
				F542B4EE19D41D1E003E4339 /* Debug */,
				F542B4EF19D41D1E003E4339 /* Release */,
			);
			defaultConfigurationIsVisible = 0;
			defaultConfigurationName = Release;
		};
		F542B4F019D41D1E003E4339 /* Build configuration list for PBXNativeTarget "iWakeTests" */ = {
			isa = XCConfigurationList;
			buildConfigurations = (
				F542B4F119D41D1E003E4339 /* Debug */,
				F542B4F219D41D1E003E4339 /* Release */,
			);
			defaultConfigurationIsVisible = 0;
			defaultConfigurationName = Release;
		};
/* End XCConfigurationList section */
	};
	rootObject = F542B4B919D41D1E003E4339 /* Project object */;
}
